
Microsoft Visual Studio Solution File, Format Version 12.00
# Visual Studio Version 17
VisualStudioVersion = 17.6.33829.357
MinimumVisualStudioVersion = 10.0.40219.1
Project("{8BC9CEB8-8B4A-11D0-8D11-00A0C91BC942}") = "LTCB-VONGLAP", "LTCB-VONGLAP.vcxproj", "{6A54BDBF-8FDD-4B1E-BCC3-0EF91E5AFA09}"
EndProject
Global
	GlobalSection(SolutionConfigurationPlatforms) = preSolution
		Debug|x64 = Debug|x64
		Debug|x86 = Debug|x86
		Release|x64 = Release|x64
		Release|x86 = Release|x86
	EndGlobalSection
	GlobalSection(ProjectConfigurationPlatforms) = postSolution
		{6A54BDBF-8FDD-4B1E-BCC3-0EF91E5AFA09}.Debug|x64.ActiveCfg = Debug|x64
		{6A54BDBF-8FDD-4B1E-BCC3-0EF91E5AFA09}.Debug|x64.Build.0 = Debug|x64
		{6A54BDBF-8FDD-4B1E-BCC3-0EF91E5AFA09}.Debug|x86.ActiveCfg = Debug|Win32
		{6A54BDBF-8FDD-4B1E-BCC3-0EF91E5AFA09}.Debug|x86.Build.0 = Debug|Win32
		{6A54BDBF-8FDD-4B1E-BCC3-0EF91E5AFA09}.Release|x64.ActiveCfg = Release|x64
		{6A54BDBF-8FDD-4B1E-BCC3-0EF91E5AFA09}.Release|x64.Build.0 = Release|x64
		{6A54BDBF-8FDD-4B1E-BCC3-0EF91E5AFA09}.Release|x86.ActiveCfg = Release|Win32
		{6A54BDBF-8FDD-4B1E-BCC3-0EF91E5AFA09}.Release|x86.Build.0 = Release|Win32
	EndGlobalSection
	GlobalSection(SolutionProperties) = preSolution
		HideSolutionNode = FALSE
	EndGlobalSection
	GlobalSection(ExtensibilityGlobals) = postSolution
		SolutionGuid = {F965E1E4-29A7-4BDA-A05F-BF76F5602101}
	EndGlobalSection
EndGlobal
